
Microsoft Visual Studio Solution File, Format Version 12.00
# Visual Studio Version 17
VisualStudioVersion = 17.4.33205.214
MinimumVisualStudioVersion = 10.0.40219.1
Project("{FAE04EC0-301F-11D3-BF4B-00C04F79EFBC}") = "Laba_1_FULL_STACK", "Laba_1_FULL_STACK\Laba_1_FULL_STACK.csproj", "{6F0A1E80-F8F5-43AC-ACF3-97AED509BDEA}"
EndProject
Global
	GlobalSection(SolutionConfigurationPlatforms) = preSolution
		Debug|Any CPU = Debug|Any CPU
		Release|Any CPU = Release|Any CPU
	EndGlobalSection
	GlobalSection(ProjectConfigurationPlatforms) = postSolution
		{6F0A1E80-F8F5-43AC-ACF3-97AED509BDEA}.Debug|Any CPU.ActiveCfg = Debug|Any CPU
		{6F0A1E80-F8F5-43AC-ACF3-97AED509BDEA}.Debug|Any CPU.Build.0 = Debug|Any CPU
		{6F0A1E80-F8F5-43AC-ACF3-97AED509BDEA}.Release|Any CPU.ActiveCfg = Release|Any CPU
		{6F0A1E80-F8F5-43AC-ACF3-97AED509BDEA}.Release|Any CPU.Build.0 = Release|Any CPU
	EndGlobalSection
	GlobalSection(SolutionProperties) = preSolution
		HideSolutionNode = FALSE
	EndGlobalSection
	GlobalSection(ExtensibilityGlobals) = postSolution
		SolutionGuid = {A51099E0-A987-4C4D-9838-6CD8E8D0BA55}
	EndGlobalSection
EndGlobal
